
Microsoft Visual Studio Solution File, Format Version 12.00
# Visual Studio Version 17
VisualStudioVersion = 17.8.34330.188
MinimumVisualStudioVersion = 10.0.40219.1
Project("{FAE04EC0-301F-11D3-BF4B-00C04F79EFBC}") = "LCPlaceAnywhere", "LCPlaceAnywhere\LCPlaceAnywhere.csproj", "{162987BE-C5C2-4E92-80D7-F6B0A42BB304}"
EndProject
Global
	GlobalSection(SolutionConfigurationPlatforms) = preSolution
		Debug|Any CPU = Debug|Any CPU
		Release|Any CPU = Release|Any CPU
	EndGlobalSection
	GlobalSection(ProjectConfigurationPlatforms) = postSolution
		{162987BE-C5C2-4E92-80D7-F6B0A42BB304}.Debug|Any CPU.ActiveCfg = Debug|Any CPU
		{162987BE-C5C2-4E92-80D7-F6B0A42BB304}.Debug|Any CPU.Build.0 = Debug|Any CPU
		{162987BE-C5C2-4E92-80D7-F6B0A42BB304}.Release|Any CPU.ActiveCfg = Release|Any CPU
		{162987BE-C5C2-4E92-80D7-F6B0A42BB304}.Release|Any CPU.Build.0 = Release|Any CPU
	EndGlobalSection
	GlobalSection(SolutionProperties) = preSolution
		HideSolutionNode = FALSE
	EndGlobalSection
	GlobalSection(ExtensibilityGlobals) = postSolution
		SolutionGuid = {E4078344-FEBF-4BE8-B6C8-147BEC642779}
	EndGlobalSection
EndGlobal
